
Microsoft Visual Studio Solution File, Format Version 12.00
# Visual Studio 14
VisualStudioVersion = 14.0.25420.1
MinimumVisualStudioVersion = 10.0.40219.1
Project("{FAE04EC0-301F-11D3-BF4B-00C04F79EFBC}") = "XMLProcessing", "XMLProcessing\XMLProcessing.csproj", "{BCE6BA69-37DC-4837-A785-30FA4BC2950A}"
EndProject
Project("{FAE04EC0-301F-11D3-BF4B-00C04F79EFBC}") = "FileToXml", "FileToXml\FileToXml.csproj", "{34CAA42B-5B53-4827-BA21-44AAE250ACE0}"
EndProject
Global
	GlobalSection(SolutionConfigurationPlatforms) = preSolution
		Debug|Any CPU = Debug|Any CPU
		Release|Any CPU = Release|Any CPU
	EndGlobalSection
	GlobalSection(ProjectConfigurationPlatforms) = postSolution
		{BCE6BA69-37DC-4837-A785-30FA4BC2950A}.Debug|Any CPU.ActiveCfg = Debug|Any CPU
		{BCE6BA69-37DC-4837-A785-30FA4BC2950A}.Debug|Any CPU.Build.0 = Debug|Any CPU
		{BCE6BA69-37DC-4837-A785-30FA4BC2950A}.Release|Any CPU.ActiveCfg = Release|Any CPU
		{BCE6BA69-37DC-4837-A785-30FA4BC2950A}.Release|Any CPU.Build.0 = Release|Any CPU
		{34CAA42B-5B53-4827-BA21-44AAE250ACE0}.Debug|Any CPU.ActiveCfg = Debug|Any CPU
		{34CAA42B-5B53-4827-BA21-44AAE250ACE0}.Debug|Any CPU.Build.0 = Debug|Any CPU
		{34CAA42B-5B53-4827-BA21-44AAE250ACE0}.Release|Any CPU.ActiveCfg = Release|Any CPU
		{34CAA42B-5B53-4827-BA21-44AAE250ACE0}.Release|Any CPU.Build.0 = Release|Any CPU
	EndGlobalSection
	GlobalSection(SolutionProperties) = preSolution
		HideSolutionNode = FALSE
	EndGlobalSection
EndGlobal
